
Microsoft Visual Studio Solution File, Format Version 12.00
# Visual Studio 15
VisualStudioVersion = 15.0.26228.4
MinimumVisualStudioVersion = 10.0.40219.1
Project("{2150E333-8FDC-42A3-9474-1A3956D46DE8}") = "Solution Items", "Solution Items", "{C9E13C7A-0B40-4170-8648-BB140B4875D2}"
EndProject
Project("{FAE04EC0-301F-11D3-BF4B-00C04F79EFBC}") = "EELibs", "EELibs\EELibs.csproj", "{42929BA3-5D6E-4172-9BB2-F38C5E6E075C}"
EndProject
Project("{9A19103F-16F7-4668-BE54-9A1E7A4F7556}") = "EECircuitWeb", "EECircuitWeb\EECircuitWeb.csproj", "{9157518B-A251-4A05-A372-EA49999C04CF}"
EndProject
Global
	GlobalSection(SolutionConfigurationPlatforms) = preSolution
		Debug|Any CPU = Debug|Any CPU
		Debug|ARM = Debug|ARM
		Debug|x64 = Debug|x64
		Debug|x86 = Debug|x86
		Release|Any CPU = Release|Any CPU
		Release|ARM = Release|ARM
		Release|x64 = Release|x64
		Release|x86 = Release|x86
	EndGlobalSection
	GlobalSection(ProjectConfigurationPlatforms) = postSolution
		{42929BA3-5D6E-4172-9BB2-F38C5E6E075C}.Debug|Any CPU.ActiveCfg = Debug|Any CPU
		{42929BA3-5D6E-4172-9BB2-F38C5E6E075C}.Debug|Any CPU.Build.0 = Debug|Any CPU
		{42929BA3-5D6E-4172-9BB2-F38C5E6E075C}.Debug|ARM.ActiveCfg = Debug|Any CPU
		{42929BA3-5D6E-4172-9BB2-F38C5E6E075C}.Debug|ARM.Build.0 = Debug|Any CPU
		{42929BA3-5D6E-4172-9BB2-F38C5E6E075C}.Debug|x64.ActiveCfg = Debug|Any CPU
		{42929BA3-5D6E-4172-9BB2-F38C5E6E075C}.Debug|x64.Build.0 = Debug|Any CPU
		{42929BA3-5D6E-4172-9BB2-F38C5E6E075C}.Debug|x86.ActiveCfg = Debug|Any CPU
		{42929BA3-5D6E-4172-9BB2-F38C5E6E075C}.Debug|x86.Build.0 = Debug|Any CPU
		{42929BA3-5D6E-4172-9BB2-F38C5E6E075C}.Release|Any CPU.ActiveCfg = Release|Any CPU
		{42929BA3-5D6E-4172-9BB2-F38C5E6E075C}.Release|Any CPU.Build.0 = Release|Any CPU
		{42929BA3-5D6E-4172-9BB2-F38C5E6E075C}.Release|ARM.ActiveCfg = Release|Any CPU
		{42929BA3-5D6E-4172-9BB2-F38C5E6E075C}.Release|ARM.Build.0 = Release|Any CPU
		{42929BA3-5D6E-4172-9BB2-F38C5E6E075C}.Release|x64.ActiveCfg = Release|Any CPU
		{42929BA3-5D6E-4172-9BB2-F38C5E6E075C}.Release|x64.Build.0 = Release|Any CPU
		{42929BA3-5D6E-4172-9BB2-F38C5E6E075C}.Release|x86.ActiveCfg = Release|Any CPU
		{42929BA3-5D6E-4172-9BB2-F38C5E6E075C}.Release|x86.Build.0 = Release|Any CPU
		{9157518B-A251-4A05-A372-EA49999C04CF}.Debug|Any CPU.ActiveCfg = Debug|Any CPU
		{9157518B-A251-4A05-A372-EA49999C04CF}.Debug|Any CPU.Build.0 = Debug|Any CPU
		{9157518B-A251-4A05-A372-EA49999C04CF}.Debug|ARM.ActiveCfg = Debug|Any CPU
		{9157518B-A251-4A05-A372-EA49999C04CF}.Debug|ARM.Build.0 = Debug|Any CPU
		{9157518B-A251-4A05-A372-EA49999C04CF}.Debug|x64.ActiveCfg = Debug|Any CPU
		{9157518B-A251-4A05-A372-EA49999C04CF}.Debug|x64.Build.0 = Debug|Any CPU
		{9157518B-A251-4A05-A372-EA49999C04CF}.Debug|x86.ActiveCfg = Debug|Any CPU
		{9157518B-A251-4A05-A372-EA49999C04CF}.Debug|x86.Build.0 = Debug|Any CPU
		{9157518B-A251-4A05-A372-EA49999C04CF}.Release|Any CPU.ActiveCfg = Release|Any CPU
		{9157518B-A251-4A05-A372-EA49999C04CF}.Release|Any CPU.Build.0 = Release|Any CPU
		{9157518B-A251-4A05-A372-EA49999C04CF}.Release|ARM.ActiveCfg = Release|Any CPU
		{9157518B-A251-4A05-A372-EA49999C04CF}.Release|ARM.Build.0 = Release|Any CPU
		{9157518B-A251-4A05-A372-EA49999C04CF}.Release|x64.ActiveCfg = Release|Any CPU
		{9157518B-A251-4A05-A372-EA49999C04CF}.Release|x64.Build.0 = Release|Any CPU
		{9157518B-A251-4A05-A372-EA49999C04CF}.Release|x86.ActiveCfg = Release|Any CPU
		{9157518B-A251-4A05-A372-EA49999C04CF}.Release|x86.Build.0 = Release|Any CPU
	EndGlobalSection
	GlobalSection(SolutionProperties) = preSolution
		HideSolutionNode = FALSE
	EndGlobalSection
EndGlobal
