
Microsoft Visual Studio Solution File, Format Version 12.00
# Visual Studio Version 16
VisualStudioVersion = 16.0.29123.89
MinimumVisualStudioVersion = 10.0.40219.1
Project("{FAE04EC0-301F-11D3-BF4B-00C04F79EFBC}") = "EECircuit2", "EECircuit2\EECircuit2.csproj", "{3FE96CA8-F6FD-42C2-9171-FB54ED8E872E}"
EndProject
Global
	GlobalSection(SolutionConfigurationPlatforms) = preSolution
		Debug|Any CPU = Debug|Any CPU
		Release|Any CPU = Release|Any CPU
	EndGlobalSection
	GlobalSection(ProjectConfigurationPlatforms) = postSolution
		{3FE96CA8-F6FD-42C2-9171-FB54ED8E872E}.Debug|Any CPU.ActiveCfg = Debug|Any CPU
		{3FE96CA8-F6FD-42C2-9171-FB54ED8E872E}.Debug|Any CPU.Build.0 = Debug|Any CPU
		{3FE96CA8-F6FD-42C2-9171-FB54ED8E872E}.Release|Any CPU.ActiveCfg = Release|Any CPU
		{3FE96CA8-F6FD-42C2-9171-FB54ED8E872E}.Release|Any CPU.Build.0 = Release|Any CPU
	EndGlobalSection
	GlobalSection(SolutionProperties) = preSolution
		HideSolutionNode = FALSE
	EndGlobalSection
	GlobalSection(ExtensibilityGlobals) = postSolution
		SolutionGuid = {2F2AE89C-ACB4-4C37-885A-ACF0AE78DB42}
	EndGlobalSection
EndGlobal
